Microsoft Visual Studio Solution File, Format Version 12.00
# Visual Studio 2012
Project("{FAE04EC0-301F-11D3-BF4B-00C04F79EFBC}") = "PhysicsSimulationGodot", "PhysicsSimulationGodot.csproj", "{B4B19F65-9007-4335-9D1E-1EB5858DCDCF}"
EndProject
Global
	GlobalSection(SolutionConfigurationPlatforms) = preSolution
	Debug|Any CPU = Debug|Any CPU
	ExportDebug|Any CPU = ExportDebug|Any CPU
	ExportRelease|Any CPU = ExportRelease|Any CPU
	EndGlobalSection
	GlobalSection(ProjectConfigurationPlatforms) = postSolution
		{B4B19F65-9007-4335-9D1E-1EB5858DCDCF}.Debug|Any CPU.ActiveCfg = Debug|Any CPU
		{B4B19F65-9007-4335-9D1E-1EB5858DCDCF}.Debug|Any CPU.Build.0 = Debug|Any CPU
		{B4B19F65-9007-4335-9D1E-1EB5858DCDCF}.ExportDebug|Any CPU.ActiveCfg = ExportDebug|Any CPU
		{B4B19F65-9007-4335-9D1E-1EB5858DCDCF}.ExportDebug|Any CPU.Build.0 = ExportDebug|Any CPU
		{B4B19F65-9007-4335-9D1E-1EB5858DCDCF}.ExportRelease|Any CPU.ActiveCfg = ExportRelease|Any CPU
		{B4B19F65-9007-4335-9D1E-1EB5858DCDCF}.ExportRelease|Any CPU.Build.0 = ExportRelease|Any CPU
	EndGlobalSection
EndGlobal
